
Microsoft Visual Studio Solution File, Format Version 12.00
# Visual Studio Version 16
VisualStudioVersion = 16.0.30104.148
MinimumVisualStudioVersion = 10.0.40219.1
Project("{FAE04EC0-301F-11D3-BF4B-00C04F79EFBC}") = "SwimmingSolutionMS", "SwimmingSolutionMS\SwimmingSolutionMS.csproj", "{E1B9F78B-42F6-47E6-AA0E-89B61F733E3C}"
EndProject
Global
	GlobalSection(SolutionConfigurationPlatforms) = preSolution
		Debug|Any CPU = Debug|Any CPU
		Release|Any CPU = Release|Any CPU
	EndGlobalSection
	GlobalSection(ProjectConfigurationPlatforms) = postSolution
		{E1B9F78B-42F6-47E6-AA0E-89B61F733E3C}.Debug|Any CPU.ActiveCfg = Debug|Any CPU
		{E1B9F78B-42F6-47E6-AA0E-89B61F733E3C}.Debug|Any CPU.Build.0 = Debug|Any CPU
		{E1B9F78B-42F6-47E6-AA0E-89B61F733E3C}.Release|Any CPU.ActiveCfg = Release|Any CPU
		{E1B9F78B-42F6-47E6-AA0E-89B61F733E3C}.Release|Any CPU.Build.0 = Release|Any CPU
	EndGlobalSection
	GlobalSection(SolutionProperties) = preSolution
		HideSolutionNode = FALSE
	EndGlobalSection
	GlobalSection(ExtensibilityGlobals) = postSolution
		SolutionGuid = {5C9393BA-F40E-4061-8E9A-4824E70B23DE}
	EndGlobalSection
EndGlobal
