
Microsoft Visual Studio Solution File, Format Version 12.00
# Visual Studio Version 16
VisualStudioVersion = 16.0.30104.148
MinimumVisualStudioVersion = 10.0.40219.1
Project("{9A19103F-16F7-4668-BE54-9A1E7A4F7556}") = "FootballSolutionMS", "FootballSolutionMS\FootballSolutionMS.csproj", "{13015A4F-F7EE-4CC5-A2EB-112FB3AAA165}"
EndProject
Project("{FAE04EC0-301F-11D3-BF4B-00C04F79EFBC}") = "FootballDataAccess", "FootballDataAccess\FootballDataAccess.csproj", "{BAB2BB72-6735-44D1-98EF-E3E45645CB5D}"
EndProject
Project("{FAE04EC0-301F-11D3-BF4B-00C04F79EFBC}") = "KafkaService", "KafkaService\KafkaService.csproj", "{815C0936-2747-44D2-94DF-8475A7F2D166}"
EndProject
Project("{FAE04EC0-301F-11D3-BF4B-00C04F79EFBC}") = "Domain", "Domain\Domain.csproj", "{6151C4AF-7D57-4987-9793-4687259B4DDD}"
EndProject
Global
	GlobalSection(SolutionConfigurationPlatforms) = preSolution
		Debug|Any CPU = Debug|Any CPU
		Release|Any CPU = Release|Any CPU
	EndGlobalSection
	GlobalSection(ProjectConfigurationPlatforms) = postSolution
		{13015A4F-F7EE-4CC5-A2EB-112FB3AAA165}.Debug|Any CPU.ActiveCfg = Debug|Any CPU
		{13015A4F-F7EE-4CC5-A2EB-112FB3AAA165}.Debug|Any CPU.Build.0 = Debug|Any CPU
		{13015A4F-F7EE-4CC5-A2EB-112FB3AAA165}.Release|Any CPU.ActiveCfg = Release|Any CPU
		{13015A4F-F7EE-4CC5-A2EB-112FB3AAA165}.Release|Any CPU.Build.0 = Release|Any CPU
		{BAB2BB72-6735-44D1-98EF-E3E45645CB5D}.Debug|Any CPU.ActiveCfg = Debug|Any CPU
		{BAB2BB72-6735-44D1-98EF-E3E45645CB5D}.Debug|Any CPU.Build.0 = Debug|Any CPU
		{BAB2BB72-6735-44D1-98EF-E3E45645CB5D}.Release|Any CPU.ActiveCfg = Release|Any CPU
		{BAB2BB72-6735-44D1-98EF-E3E45645CB5D}.Release|Any CPU.Build.0 = Release|Any CPU
		{815C0936-2747-44D2-94DF-8475A7F2D166}.Debug|Any CPU.ActiveCfg = Debug|Any CPU
		{815C0936-2747-44D2-94DF-8475A7F2D166}.Debug|Any CPU.Build.0 = Debug|Any CPU
		{815C0936-2747-44D2-94DF-8475A7F2D166}.Release|Any CPU.ActiveCfg = Release|Any CPU
		{815C0936-2747-44D2-94DF-8475A7F2D166}.Release|Any CPU.Build.0 = Release|Any CPU
		{6151C4AF-7D57-4987-9793-4687259B4DDD}.Debug|Any CPU.ActiveCfg = Debug|Any CPU
		{6151C4AF-7D57-4987-9793-4687259B4DDD}.Debug|Any CPU.Build.0 = Debug|Any CPU
		{6151C4AF-7D57-4987-9793-4687259B4DDD}.Release|Any CPU.ActiveCfg = Release|Any CPU
		{6151C4AF-7D57-4987-9793-4687259B4DDD}.Release|Any CPU.Build.0 = Release|Any CPU
	EndGlobalSection
	GlobalSection(SolutionProperties) = preSolution
		HideSolutionNode = FALSE
	EndGlobalSection
	GlobalSection(ExtensibilityGlobals) = postSolution
		SolutionGuid = {B2DFA1D1-3998-4E66-A805-94D9F20C0D28}
	EndGlobalSection
EndGlobal
